
Microsoft Visual Studio Solution File, Format Version 12.00
# Visual Studio Version 16
VisualStudioVersion = 16.0.32228.343
MinimumVisualStudioVersion = 10.0.40219.1
Project("{FAE04EC0-301F-11D3-BF4B-00C04F79EFBC}") = "WindowsFormsApp", "WindowsFormsApp\WindowsFormsApp.csproj", "{631294DD-05A6-4D26-8CD0-FBA66B947E50}"
EndProject
Project("{FAE04EC0-301F-11D3-BF4B-00C04F79EFBC}") = "ClassOpenAndSave", "ClassLibrary1\ClassOpenAndSave.csproj", "{A4C2149E-7231-411D-A13A-200F906906B6}"
EndProject
Project("{FAE04EC0-301F-11D3-BF4B-00C04F79EFBC}") = "ClassLibraryForData", "ClassLibraryForData\ClassLibraryForData.csproj", "{034C7A9D-9015-4392-A24C-C5F764648BBD}"
EndProject
Project("{FAE04EC0-301F-11D3-BF4B-00C04F79EFBC}") = "AlgorithmsLibrary", "AlgorithmsLibrary\AlgorithmsLibrary.csproj", "{C76155AF-EE3D-4A53-A2A4-77A7C125DC06}"
EndProject
Project("{FAE04EC0-301F-11D3-BF4B-00C04F79EFBC}") = "AlgorithmsLibrary.Tests", "AlgorithmsLibrary.Tests\AlgorithmsLibrary.Tests.csproj", "{8AE888C1-4D55-4CD1-923E-09EC2CA85289}"
EndProject
Global
	GlobalSection(SolutionConfigurationPlatforms) = preSolution
		Debug|Any CPU = Debug|Any CPU
		Release|Any CPU = Release|Any CPU
	EndGlobalSection
	GlobalSection(ProjectConfigurationPlatforms) = postSolution
		{631294DD-05A6-4D26-8CD0-FBA66B947E50}.Debug|Any CPU.ActiveCfg = Debug|Any CPU
		{631294DD-05A6-4D26-8CD0-FBA66B947E50}.Debug|Any CPU.Build.0 = Debug|Any CPU
		{631294DD-05A6-4D26-8CD0-FBA66B947E50}.Release|Any CPU.ActiveCfg = Release|Any CPU
		{631294DD-05A6-4D26-8CD0-FBA66B947E50}.Release|Any CPU.Build.0 = Release|Any CPU
		{A4C2149E-7231-411D-A13A-200F906906B6}.Debug|Any CPU.ActiveCfg = Debug|Any CPU
		{A4C2149E-7231-411D-A13A-200F906906B6}.Debug|Any CPU.Build.0 = Debug|Any CPU
		{A4C2149E-7231-411D-A13A-200F906906B6}.Release|Any CPU.ActiveCfg = Release|Any CPU
		{A4C2149E-7231-411D-A13A-200F906906B6}.Release|Any CPU.Build.0 = Release|Any CPU
		{034C7A9D-9015-4392-A24C-C5F764648BBD}.Debug|Any CPU.ActiveCfg = Debug|Any CPU
		{034C7A9D-9015-4392-A24C-C5F764648BBD}.Debug|Any CPU.Build.0 = Debug|Any CPU
		{034C7A9D-9015-4392-A24C-C5F764648BBD}.Release|Any CPU.ActiveCfg = Release|Any CPU
		{034C7A9D-9015-4392-A24C-C5F764648BBD}.Release|Any CPU.Build.0 = Release|Any CPU
		{C76155AF-EE3D-4A53-A2A4-77A7C125DC06}.Debug|Any CPU.ActiveCfg = Debug|Any CPU
		{C76155AF-EE3D-4A53-A2A4-77A7C125DC06}.Debug|Any CPU.Build.0 = Debug|Any CPU
		{C76155AF-EE3D-4A53-A2A4-77A7C125DC06}.Release|Any CPU.ActiveCfg = Release|Any CPU
		{C76155AF-EE3D-4A53-A2A4-77A7C125DC06}.Release|Any CPU.Build.0 = Release|Any CPU
		{8AE888C1-4D55-4CD1-923E-09EC2CA85289}.Debug|Any CPU.ActiveCfg = Debug|Any CPU
		{8AE888C1-4D55-4CD1-923E-09EC2CA85289}.Debug|Any CPU.Build.0 = Debug|Any CPU
		{8AE888C1-4D55-4CD1-923E-09EC2CA85289}.Release|Any CPU.ActiveCfg = Release|Any CPU
		{8AE888C1-4D55-4CD1-923E-09EC2CA85289}.Release|Any CPU.Build.0 = Release|Any CPU
	EndGlobalSection
	GlobalSection(SolutionProperties) = preSolution
		HideSolutionNode = FALSE
	EndGlobalSection
	GlobalSection(ExtensibilityGlobals) = postSolution
		SolutionGuid = {BD9F0EE7-A463-400D-94B3-EA36533959EC}
	EndGlobalSection
EndGlobal
